PODS:
  - ReactiveObjC (3.1.1)
  - SSZipArchive (2.4.3)
  - SVProgressHUD (2.2.5)
  - Zip (2.1.2)

DEPENDENCIES:
  - ReactiveObjC
  - SSZipArchive
  - SVProgressHUD
  - Zip

SPEC REPOS:
  https://github.com/CocoaPods/Specs.git:
    - ReactiveObjC
    - SSZipArchive
    - SVProgressHUD
    - Zip

SPEC CHECKSUMS:
  ReactiveObjC: 011caa393aa0383245f2dcf9bf02e86b80b36040
  SSZipArchive: fe6a26b2a54d5a0890f2567b5cc6de5caa600aef
  SVProgressHUD: 1428aafac632c1f86f62aa4243ec12008d7a51d6
  Zip: b3fef584b147b6e582b2256a9815c897d60ddc67

PODFILE CHECKSUM: 791d8a66ef1c46e8892276d18b98802ba34fe193

COCOAPODS: 1.16.2
