// !$*UTF8*$!
{
	archiveVersion = 1;
	classes = {
	};
	objectVersion = 46;
	objects = {

/* Begin PBXBuildFile section */
		0108272EFF98A1F12898F375 /* Pods_AiSDK_Example.framework in Frameworks */ = {isa = PBXBuildFile; fileRef = 0BA9D24958491033456DFBB4 /* Pods_AiSDK_Example.framework */; };
		2BC74C2E2D2FC30A002F72D2 /* LaunchScreen.xib in Resources */ = {isa = PBXBuildFile; fileRef = 2BC74C2D2D2FC30A002F72D2 /* LaunchScreen.xib */; };
		2BC74C322D2FC389002F72D2 /* HwMainVC.xib in Resources */ = {isa = PBXBuildFile; fileRef = 2BC74C312D2FC389002F72D2 /* HwMainVC.xib */; };
		2BC74C332D2FC389002F72D2 /* HwMainVC.m in Sources */ = {isa = PBXBuildFile; fileRef = 2BC74C302D2FC389002F72D2 /* HwMainVC.m */; };
		2BC74C362D2FCD41002F72D2 /* LogCell.xib in Resources */ = {isa = PBXBuildFile; fileRef = 2BC74C352D2FCD41002F72D2 /* LogCell.xib */; };
		2BC74C372D2FCD41002F72D2 /* LogCell.swift in Sources */ = {isa = PBXBuildFile; fileRef = 2BC74C342D2FCD41002F72D2 /* LogCell.swift */; };
		2BC74C3A2D2FD4DE002F72D2 /* ConnectVC.xib in Resources */ = {isa = PBXBuildFile; fileRef = 2BC74C392D2FD4DE002F72D2 /* ConnectVC.xib */; };
		2BC74C3B2D2FD4DE002F72D2 /* ConnectVC.swift in Sources */ = {isa = PBXBuildFile; fileRef = 2BC74C382D2FD4DE002F72D2 /* ConnectVC.swift */; };
		2BC74C3E2D2FD59E002F72D2 /* DeviceCell.xib in Resources */ = {isa = PBXBuildFile; fileRef = 2BC74C3D2D2FD59E002F72D2 /* DeviceCell.xib */; };
		2BC74C3F2D2FD59E002F72D2 /* DeviceCell.swift in Sources */ = {isa = PBXBuildFile; fileRef = 2BC74C3C2D2FD59E002F72D2 /* DeviceCell.swift */; };
		2BC74C412D2FF0F5002F72D2 /* LogLine.swift in Sources */ = {isa = PBXBuildFile; fileRef = 2BC74C402D2FF0F5002F72D2 /* LogLine.swift */; };
		2BC74D6B2D351549002F72D2 /* girl.jpeg in Resources */ = {isa = PBXBuildFile; fileRef = 2BC74D6A2D351549002F72D2 /* girl.jpeg */; };
		6003F58E195388D20070C39A /* Foundation.framework in Frameworks */ = {isa = PBXBuildFile; fileRef = 6003F58D195388D20070C39A /* Foundation.framework */; };
		6003F590195388D20070C39A /* CoreGraphics.framework in Frameworks */ = {isa = PBXBuildFile; fileRef = 6003F58F195388D20070C39A /* CoreGraphics.framework */; };
		6003F592195388D20070C39A /* UIKit.framework in Frameworks */ = {isa = PBXBuildFile; fileRef = 6003F591195388D20070C39A /* UIKit.framework */; };
		6003F598195388D20070C39A /* InfoPlist.strings in Resources */ = {isa = PBXBuildFile; fileRef = 6003F596195388D20070C39A /* InfoPlist.strings */; };
		6003F59A195388D20070C39A /* main.m in Sources */ = {isa = PBXBuildFile; fileRef = 6003F599195388D20070C39A /* main.m */; };
		6003F59E195388D20070C39A /* HWAppDelegate.m in Sources */ = {isa = PBXBuildFile; fileRef = 6003F59D195388D20070C39A /* HWAppDelegate.m */; };
		6003F5A7195388D20070C39A /* HWViewController.m in Sources */ = {isa = PBXBuildFile; fileRef = 6003F5A6195388D20070C39A /* HWViewController.m */; };
		6003F5A9195388D20070C39A /* Images.xcassets in Resources */ = {isa = PBXBuildFile; fileRef = 6003F5A8195388D20070C39A /* Images.xcassets */; };
		6003F5B0195388D20070C39A /* XCTest.framework in Frameworks */ = {isa = PBXBuildFile; fileRef = 6003F5AF195388D20070C39A /* XCTest.framework */; };
		6003F5B1195388D20070C39A /* Foundation.framework in Frameworks */ = {isa = PBXBuildFile; fileRef = 6003F58D195388D20070C39A /* Foundation.framework */; };
		6003F5B2195388D20070C39A /* UIKit.framework in Frameworks */ = {isa = PBXBuildFile; fileRef = 6003F591195388D20070C39A /* UIKit.framework */; };
		6003F5BA195388D20070C39A /* InfoPlist.strings in Resources */ = {isa = PBXBuildFile; fileRef = 6003F5B8195388D20070C39A /* InfoPlist.strings */; };
		6003F5BC195388D20070C39A /* Tests.m in Sources */ = {isa = PBXBuildFile; fileRef = 6003F5BB195388D20070C39A /* Tests.m */; };
		662FBA36B402DCAF7FD6BE2E /* Pods_AiSDK_Tests.framework in Frameworks */ = {isa = PBXBuildFile; fileRef = C53935C4E022C04029A6D10D /* Pods_AiSDK_Tests.framework */; };
		9C5DC4762EFCE26000674153 /* HwBluetoothSDK.framework in Frameworks */ = {isa = PBXBuildFile; fileRef = 9C5DC4742EFCE24A00674153 /* HwBluetoothSDK.framework */; };
		9C5DC4772EFCE26000674153 /* HwBluetoothSDK.framework in Embed Frameworks */ = {isa = PBXBuildFile; fileRef = 9C5DC4742EFCE24A00674153 /* HwBluetoothSDK.framework */; settings = {ATTRIBUTES = (CodeSignOnCopy, RemoveHeadersOnCopy, ); }; };
		9C5DC5492EFD216100674153 /* HwAiSDK.framework in Frameworks */ = {isa = PBXBuildFile; fileRef = 9C5DC5472EFD215D00674153 /* HwAiSDK.framework */; };
		9C5DC54A2EFD216100674153 /* HwAiSDK.framework in Embed Frameworks */ = {isa = PBXBuildFile; fileRef = 9C5DC5472EFD215D00674153 /* HwAiSDK.framework */; settings = {ATTRIBUTES = (CodeSignOnCopy, RemoveHeadersOnCopy, ); }; };
		9CBC82CF2EFA6C2B00E28639 /* SFDialPlateSDK.framework in Frameworks */ = {isa = PBXBuildFile; fileRef = 9CBC82C62EFA6A1B00E28639 /* SFDialPlateSDK.framework */; };
		9CBC82D02EFA6C2B00E28639 /* SFDialPlateSDK.framework in Embed Frameworks */ = {isa = PBXBuildFile; fileRef = 9CBC82C62EFA6A1B00E28639 /* SFDialPlateSDK.framework */; settings = {ATTRIBUTES = (CodeSignOnCopy, RemoveHeadersOnCopy, ); }; };
		9CBC82D12EFA6C3400E28639 /* WatchfaceSDK.framework in Frameworks */ = {isa = PBXBuildFile; fileRef = 9CBC82C42EFA69FB00E28639 /* WatchfaceSDK.framework */; };
		9CBC82D22EFA6C3400E28639 /* WatchfaceSDK.framework in Embed Frameworks */ = {isa = PBXBuildFile; fileRef = 9CBC82C42EFA69FB00E28639 /* WatchfaceSDK.framework */; settings = {ATTRIBUTES = (CodeSignOnCopy, RemoveHeadersOnCopy, ); }; };
		9CBC82D32EFA6C3600E28639 /* SifliOTAManagerSDK.framework in Frameworks */ = {isa = PBXBuildFile; fileRef = 9CBC82C72EFA6A1B00E28639 /* SifliOTAManagerSDK.framework */; };
		9CBC82D42EFA6C3600E28639 /* SifliOTAManagerSDK.framework in Embed Frameworks */ = {isa = PBXBuildFile; fileRef = 9CBC82C72EFA6A1B00E28639 /* SifliOTAManagerSDK.framework */; settings = {ATTRIBUTES = (CodeSignOnCopy, RemoveHeadersOnCopy, ); }; };
		9CBC82DB2EFA6CAC00E28639 /* eZIPSDK.framework in Frameworks */ = {isa = PBXBuildFile; fileRef = 9CBC82D72EFA6C7300E28639 /* eZIPSDK.framework */; };
		9CBC82DC2EFA6CAC00E28639 /* eZIPSDK.framework in Embed Frameworks */ = {isa = PBXBuildFile; fileRef = 9CBC82D72EFA6C7300E28639 /* eZIPSDK.framework */; settings = {ATTRIBUTES = (CodeSignOnCopy, RemoveHeadersOnCopy, ); }; };
		9CBC82DD2EFA6CB300E28639 /* NativeLib.framework in Frameworks */ = {isa = PBXBuildFile; fileRef = 9CBC82D92EFA6C7F00E28639 /* NativeLib.framework */; };
		9CBC82DE2EFA6CB300E28639 /* NativeLib.framework in Embed Frameworks */ = {isa = PBXBuildFile; fileRef = 9CBC82D92EFA6C7F00E28639 /* NativeLib.framework */; settings = {ATTRIBUTES = (CodeSignOnCopy, RemoveHeadersOnCopy, ); }; };
/* End PBXBuildFile section */

/* Begin PBXContainerItemProxy section */
		6003F5B3195388D20070C39A /* PBXContainerItemProxy */ = {
			isa = PBXContainerItemProxy;
			containerPortal = 6003F582195388D10070C39A /* Project object */;
			proxyType = 1;
			remoteGlobalIDString = 6003F589195388D20070C39A;
			remoteInfo = AiSDK;
		};
/* End PBXContainerItemProxy section */

/* Begin PBXCopyFilesBuildPhase section */
		9CBC82CE2EFA6B6D00E28639 /* Embed Frameworks */ = {
			isa = PBXCopyFilesBuildPhase;
			buildActionMask = 2147483647;
			dstPath = "";
			dstSubfolderSpec = 10;
			files = (
				9CBC82D42EFA6C3600E28639 /* SifliOTAManagerSDK.framework in Embed Frameworks */,
				9C5DC4772EFCE26000674153 /* HwBluetoothSDK.framework in Embed Frameworks */,
				9CBC82DE2EFA6CB300E28639 /* NativeLib.framework in Embed Frameworks */,
				9CBC82D22EFA6C3400E28639 /* WatchfaceSDK.framework in Embed Frameworks */,
				9CBC82D02EFA6C2B00E28639 /* SFDialPlateSDK.framework in Embed Frameworks */,
				9C5DC54A2EFD216100674153 /* HwAiSDK.framework in Embed Frameworks */,
				9CBC82DC2EFA6CAC00E28639 /* eZIPSDK.framework in Embed Frameworks */,
			);
			name = "Embed Frameworks";
			runOnlyForDeploymentPostprocessing = 0;
		};
/* End PBXCopyFilesBuildPhase section */

/* Begin PBXFileReference section */
		0ABCF5CD80EE6FF6A2D57F1F /* Pods-AiSDK_Example.debug.xcconfig */ = {isa = PBXFileReference; includeInIndex = 1; lastKnownFileType = text.xcconfig; name = "Pods-AiSDK_Example.debug.xcconfig"; path = "Target Support Files/Pods-AiSDK_Example/Pods-AiSDK_Example.debug.xcconfig"; sourceTree = "<group>"; };
		0BA9D24958491033456DFBB4 /* Pods_AiSDK_Example.framework */ = {isa = PBXFileReference; explicitFileType = wrapper.framework; includeInIndex = 0; path = Pods_AiSDK_Example.framework; sourceTree = BUILT_PRODUCTS_DIR; };
		142EF9344C2708F838CDAE24 /* README.md */ = {isa = PBXFileReference; includeInIndex = 1; lastKnownFileType = net.daringfireball.markdown; name = README.md; path = ../README.md; sourceTree = "<group>"; };
		2B7689982D2F5F5700F6E046 /* AiSDK_Example-Bridging-Header.h */ = {isa = PBXFileReference; lastKnownFileType = sourcecode.c.h; path = "AiSDK_Example-Bridging-Header.h"; sourceTree = "<group>"; };
		2BC74C2D2D2FC30A002F72D2 /* LaunchScreen.xib */ = {isa = PBXFileReference; lastKnownFileType = file.xib; path = LaunchScreen.xib; sourceTree = "<group>"; };
		2BC74C2F2D2FC389002F72D2 /* HwMainVC.h */ = {isa = PBXFileReference; lastKnownFileType = sourcecode.c.h; path = HwMainVC.h; sourceTree = "<group>"; };
		2BC74C302D2FC389002F72D2 /* HwMainVC.m */ = {isa = PBXFileReference; lastKnownFileType = sourcecode.c.objc; path = HwMainVC.m; sourceTree = "<group>"; };
		2BC74C312D2FC389002F72D2 /* HwMainVC.xib */ = {isa = PBXFileReference; lastKnownFileType = file.xib; path = HwMainVC.xib; sourceTree = "<group>"; };
		2BC74C342D2FCD41002F72D2 /* LogCell.swift */ = {isa = PBXFileReference; lastKnownFileType = sourcecode.swift; path = LogCell.swift; sourceTree = "<group>"; };
		2BC74C352D2FCD41002F72D2 /* LogCell.xib */ = {isa = PBXFileReference; lastKnownFileType = file.xib; path = LogCell.xib; sourceTree = "<group>"; };
		2BC74C382D2FD4DE002F72D2 /* ConnectVC.swift */ = {isa = PBXFileReference; lastKnownFileType = sourcecode.swift; path = ConnectVC.swift; sourceTree = "<group>"; };
		2BC74C392D2FD4DE002F72D2 /* ConnectVC.xib */ = {isa = PBXFileReference; lastKnownFileType = file.xib; path = ConnectVC.xib; sourceTree = "<group>"; };
		2BC74C3C2D2FD59E002F72D2 /* DeviceCell.swift */ = {isa = PBXFileReference; lastKnownFileType = sourcecode.swift; path = DeviceCell.swift; sourceTree = "<group>"; };
		2BC74C3D2D2FD59E002F72D2 /* DeviceCell.xib */ = {isa = PBXFileReference; lastKnownFileType = file.xib; path = DeviceCell.xib; sourceTree = "<group>"; };
		2BC74C402D2FF0F5002F72D2 /* LogLine.swift */ = {isa = PBXFileReference; lastKnownFileType = sourcecode.swift; path = LogLine.swift; sourceTree = "<group>"; };
		2BC74D6A2D351549002F72D2 /* girl.jpeg */ = {isa = PBXFileReference; lastKnownFileType = image.jpeg; path = girl.jpeg; sourceTree = "<group>"; };
		6003F58A195388D20070C39A /* AiSDK_Example.app */ = {isa = PBXFileReference; explicitFileType = wrapper.application; includeInIndex = 0; path = AiSDK_Example.app; sourceTree = BUILT_PRODUCTS_DIR; };
		6003F58D195388D20070C39A /* Foundation.framework */ = {isa = PBXFileReference; lastKnownFileType = wrapper.framework; name = Foundation.framework; path = System/Library/Frameworks/Foundation.framework; sourceTree = SDKROOT; };
		6003F58F195388D20070C39A /* CoreGraphics.framework */ = {isa = PBXFileReference; lastKnownFileType = wrapper.framework; name = CoreGraphics.framework; path = System/Library/Frameworks/CoreGraphics.framework; sourceTree = SDKROOT; };
		6003F591195388D20070C39A /* UIKit.framework */ = {isa = PBXFileReference; lastKnownFileType = wrapper.framework; name = UIKit.framework; path = System/Library/Frameworks/UIKit.framework; sourceTree = SDKROOT; };
		6003F595195388D20070C39A /* AiSDK-Info.plist */ = {isa = PBXFileReference; lastKnownFileType = text.plist.xml; path = "AiSDK-Info.plist"; sourceTree = "<group>"; };
		6003F597195388D20070C39A /* en */ = {isa = PBXFileReference; lastKnownFileType = text.plist.strings; name = en; path = en.lproj/InfoPlist.strings; sourceTree = "<group>"; };
		6003F599195388D20070C39A /* main.m */ = {isa = PBXFileReference; lastKnownFileType = sourcecode.c.objc; path = main.m; sourceTree = "<group>"; };
		6003F59B195388D20070C39A /* AiSDK-Prefix.pch */ = {isa = PBXFileReference; lastKnownFileType = sourcecode.c.h; path = "AiSDK-Prefix.pch"; sourceTree = "<group>"; };
		6003F59C195388D20070C39A /* HWAppDelegate.h */ = {isa = PBXFileReference; lastKnownFileType = sourcecode.c.h; path = HWAppDelegate.h; sourceTree = "<group>"; };
		6003F59D195388D20070C39A /* HWAppDelegate.m */ = {isa = PBXFileReference; lastKnownFileType = sourcecode.c.objc; path = HWAppDelegate.m; sourceTree = "<group>"; };
		6003F5A5195388D20070C39A /* HWViewController.h */ = {isa = PBXFileReference; lastKnownFileType = sourcecode.c.h; path = HWViewController.h; sourceTree = "<group>"; };
		6003F5A6195388D20070C39A /* HWViewController.m */ = {isa = PBXFileReference; lastKnownFileType = sourcecode.c.objc; path = HWViewController.m; sourceTree = "<group>"; };
		6003F5A8195388D20070C39A /* Images.xcassets */ = {isa = PBXFileReference; lastKnownFileType = folder.assetcatalog; path = Images.xcassets; sourceTree = "<group>"; };
		6003F5AE195388D20070C39A /* AiSDK_Tests.xctest */ = {isa = PBXFileReference; explicitFileType = wrapper.cfbundle; includeInIndex = 0; path = AiSDK_Tests.xctest; sourceTree = BUILT_PRODUCTS_DIR; };
		6003F5AF195388D20070C39A /* XCTest.framework */ = {isa = PBXFileReference; lastKnownFileType = wrapper.framework; name = XCTest.framework; path = Library/Frameworks/XCTest.framework; sourceTree = DEVELOPER_DIR; };
		6003F5B7195388D20070C39A /* Tests-Info.plist */ = {isa = PBXFileReference; lastKnownFileType = text.plist.xml; path = "Tests-Info.plist"; sourceTree = "<group>"; };
		6003F5B9195388D20070C39A /* en */ = {isa = PBXFileReference; lastKnownFileType = text.plist.strings; name = en; path = en.lproj/InfoPlist.strings; sourceTree = "<group>"; };
		6003F5BB195388D20070C39A /* Tests.m */ = {isa = PBXFileReference; lastKnownFileType = sourcecode.c.objc; path = Tests.m; sourceTree = "<group>"; };
		606FC2411953D9B200FFA9A0 /* Tests-Prefix.pch */ = {isa = PBXFileReference; lastKnownFileType = sourcecode.c.h; path = "Tests-Prefix.pch"; sourceTree = "<group>"; };
		7A2F462F3E7B051F78C3ECAD /* Pods-AiSDK_Tests.release.xcconfig */ = {isa = PBXFileReference; includeInIndex = 1; lastKnownFileType = text.xcconfig; name = "Pods-AiSDK_Tests.release.xcconfig"; path = "Target Support Files/Pods-AiSDK_Tests/Pods-AiSDK_Tests.release.xcconfig"; sourceTree = "<group>"; };
		98D28D18C9AAB82237CF4156 /* Pods-AiSDK_Example.release.xcconfig */ = {isa = PBXFileReference; includeInIndex = 1; lastKnownFileType = text.xcconfig; name = "Pods-AiSDK_Example.release.xcconfig"; path = "Target Support Files/Pods-AiSDK_Example/Pods-AiSDK_Example.release.xcconfig"; sourceTree = "<group>"; };
		9C5DC4742EFCE24A00674153 /* HwBluetoothSDK.framework */ = {isa = PBXFileReference; lastKnownFileType = wrapper.framework; path = HwBluetoothSDK.framework; sourceTree = "<group>"; };
		9C5DC5472EFD215D00674153 /* HwAiSDK.framework */ = {isa = PBXFileReference; lastKnownFileType = wrapper.framework; path = HwAiSDK.framework; sourceTree = "<group>"; };
		9CBC82C42EFA69FB00E28639 /* WatchfaceSDK.framework */ = {isa = PBXFileReference; lastKnownFileType = wrapper.framework; path = WatchfaceSDK.framework; sourceTree = "<group>"; };
		9CBC82C62EFA6A1B00E28639 /* SFDialPlateSDK.framework */ = {isa = PBXFileReference; lastKnownFileType = wrapper.framework; path = SFDialPlateSDK.framework; sourceTree = "<group>"; };
		9CBC82C72EFA6A1B00E28639 /* SifliOTAManagerSDK.framework */ = {isa = PBXFileReference; lastKnownFileType = wrapper.framework; path = SifliOTAManagerSDK.framework; sourceTree = "<group>"; };
		9CBC82D72EFA6C7300E28639 /* eZIPSDK.framework */ = {isa = PBXFileReference; lastKnownFileType = wrapper.framework; path = eZIPSDK.framework; sourceTree = "<group>"; };
		9CBC82D92EFA6C7F00E28639 /* NativeLib.framework */ = {isa = PBXFileReference; lastKnownFileType = wrapper.framework; path = NativeLib.framework; sourceTree = "<group>"; };
		9F7A4C2D9D400A1BEBEA13B1 /* LICENSE */ = {isa = PBXFileReference; includeInIndex = 1; lastKnownFileType = text; name = LICENSE; path = ../LICENSE; sourceTree = "<group>"; };
		BAEA22DA428A6AA687BC19BC /* AiSDK.podspec */ = {isa = PBXFileReference; includeInIndex = 1; lastKnownFileType = text; name = AiSDK.podspec; path = ../AiSDK.podspec; sourceTree = "<group>"; xcLanguageSpecificationIdentifier = xcode.lang.ruby; };
		C53935C4E022C04029A6D10D /* Pods_AiSDK_Tests.framework */ = {isa = PBXFileReference; explicitFileType = wrapper.framework; includeInIndex = 0; path = Pods_AiSDK_Tests.framework; sourceTree = BUILT_PRODUCTS_DIR; };
		D58876E617B3320B97465C88 /* Pods-AiSDK_Tests.debug.xcconfig */ = {isa = PBXFileReference; includeInIndex = 1; lastKnownFileType = text.xcconfig; name = "Pods-AiSDK_Tests.debug.xcconfig"; path = "Target Support Files/Pods-AiSDK_Tests/Pods-AiSDK_Tests.debug.xcconfig"; sourceTree = "<group>"; };
/* End PBXFileReference section */

/* Begin PBXFrameworksBuildPhase section */
		6003F587195388D20070C39A /* Frameworks */ = {
			isa = PBXFrameworksBuildPhase;
			buildActionMask = 2147483647;
			files = (
				6003F590195388D20070C39A /* CoreGraphics.framework in Frameworks */,
				9C5DC4762EFCE26000674153 /* HwBluetoothSDK.framework in Frameworks */,
				9CBC82D32EFA6C3600E28639 /* SifliOTAManagerSDK.framework in Frameworks */,
				9CBC82CF2EFA6C2B00E28639 /* SFDialPlateSDK.framework in Frameworks */,
				9CBC82DB2EFA6CAC00E28639 /* eZIPSDK.framework in Frameworks */,
				9C5DC5492EFD216100674153 /* HwAiSDK.framework in Frameworks */,
				9CBC82DD2EFA6CB300E28639 /* NativeLib.framework in Frameworks */,
				6003F592195388D20070C39A /* UIKit.framework in Frameworks */,
				6003F58E195388D20070C39A /* Foundation.framework in Frameworks */,
				0108272EFF98A1F12898F375 /* Pods_AiSDK_Example.framework in Frameworks */,
				9CBC82D12EFA6C3400E28639 /* WatchfaceSDK.framework in Frameworks */,
			);
			runOnlyForDeploymentPostprocessing = 0;
		};
		6003F5AB195388D20070C39A /* Frameworks */ = {
			isa = PBXFrameworksBuildPhase;
			buildActionMask = 2147483647;
			files = (
				6003F5B0195388D20070C39A /* XCTest.framework in Frameworks */,
				6003F5B2195388D20070C39A /* UIKit.framework in Frameworks */,
				6003F5B1195388D20070C39A /* Foundation.framework in Frameworks */,
				662FBA36B402DCAF7FD6BE2E /* Pods_AiSDK_Tests.framework in Frameworks */,
			);
			runOnlyForDeploymentPostprocessing = 0;
		};
/* End PBXFrameworksBuildPhase section */

/* Begin PBXGroup section */
		6003F581195388D10070C39A = {
			isa = PBXGroup;
			children = (
				60FF7A9C1954A5C5007DD14C /* Podspec Metadata */,
				6003F593195388D20070C39A /* Example for AiSDK */,
				6003F5B5195388D20070C39A /* Tests */,
				6003F58C195388D20070C39A /* Frameworks */,
				6003F58B195388D20070C39A /* Products */,
				F917ACDEF126F74410618D3A /* Pods */,
			);
			sourceTree = "<group>";
		};
		6003F58B195388D20070C39A /* Products */ = {
			isa = PBXGroup;
			children = (
				6003F58A195388D20070C39A /* AiSDK_Example.app */,
				6003F5AE195388D20070C39A /* AiSDK_Tests.xctest */,
			);
			name = Products;
			sourceTree = "<group>";
		};
		6003F58C195388D20070C39A /* Frameworks */ = {
			isa = PBXGroup;
			children = (
				6003F58D195388D20070C39A /* Foundation.framework */,
				6003F58F195388D20070C39A /* CoreGraphics.framework */,
				6003F591195388D20070C39A /* UIKit.framework */,
				6003F5AF195388D20070C39A /* XCTest.framework */,
				0BA9D24958491033456DFBB4 /* Pods_AiSDK_Example.framework */,
				C53935C4E022C04029A6D10D /* Pods_AiSDK_Tests.framework */,
			);
			name = Frameworks;
			sourceTree = "<group>";
		};
		6003F593195388D20070C39A /* Example for AiSDK */ = {
			isa = PBXGroup;
			children = (
				9C5DC5472EFD215D00674153 /* HwAiSDK.framework */,
				9C5DC4742EFCE24A00674153 /* HwBluetoothSDK.framework */,
				9CBC82D92EFA6C7F00E28639 /* NativeLib.framework */,
				9CBC82D72EFA6C7300E28639 /* eZIPSDK.framework */,
				9CBC82C62EFA6A1B00E28639 /* SFDialPlateSDK.framework */,
				9CBC82C72EFA6A1B00E28639 /* SifliOTAManagerSDK.framework */,
				9CBC82C42EFA69FB00E28639 /* WatchfaceSDK.framework */,
				2BC74D6A2D351549002F72D2 /* girl.jpeg */,
				6003F59C195388D20070C39A /* HWAppDelegate.h */,
				6003F59D195388D20070C39A /* HWAppDelegate.m */,
				6003F5A5195388D20070C39A /* HWViewController.h */,
				6003F5A6195388D20070C39A /* HWViewController.m */,
				6003F5A8195388D20070C39A /* Images.xcassets */,
				6003F594195388D20070C39A /* Supporting Files */,
				2B7689982D2F5F5700F6E046 /* AiSDK_Example-Bridging-Header.h */,
				2BC74C2D2D2FC30A002F72D2 /* LaunchScreen.xib */,
				2BC74C2F2D2FC389002F72D2 /* HwMainVC.h */,
				2BC74C302D2FC389002F72D2 /* HwMainVC.m */,
				2BC74C312D2FC389002F72D2 /* HwMainVC.xib */,
				2BC74C342D2FCD41002F72D2 /* LogCell.swift */,
				2BC74C352D2FCD41002F72D2 /* LogCell.xib */,
				2BC74C382D2FD4DE002F72D2 /* ConnectVC.swift */,
				2BC74C392D2FD4DE002F72D2 /* ConnectVC.xib */,
				2BC74C3C2D2FD59E002F72D2 /* DeviceCell.swift */,
				2BC74C3D2D2FD59E002F72D2 /* DeviceCell.xib */,
				2BC74C402D2FF0F5002F72D2 /* LogLine.swift */,
			);
			name = "Example for AiSDK";
			path = AiSDK;
			sourceTree = "<group>";
		};
		6003F594195388D20070C39A /* Supporting Files */ = {
			isa = PBXGroup;
			children = (
				6003F595195388D20070C39A /* AiSDK-Info.plist */,
				6003F596195388D20070C39A /* InfoPlist.strings */,
				6003F599195388D20070C39A /* main.m */,
				6003F59B195388D20070C39A /* AiSDK-Prefix.pch */,
			);
			name = "Supporting Files";
			sourceTree = "<group>";
		};
		6003F5B5195388D20070C39A /* Tests */ = {
			isa = PBXGroup;
			children = (
				6003F5BB195388D20070C39A /* Tests.m */,
				6003F5B6195388D20070C39A /* Supporting Files */,
			);
			path = Tests;
			sourceTree = "<group>";
		};
		6003F5B6195388D20070C39A /* Supporting Files */ = {
			isa = PBXGroup;
			children = (
				6003F5B7195388D20070C39A /* Tests-Info.plist */,
				6003F5B8195388D20070C39A /* InfoPlist.strings */,
				606FC2411953D9B200FFA9A0 /* Tests-Prefix.pch */,
			);
			name = "Supporting Files";
			sourceTree = "<group>";
		};
		60FF7A9C1954A5C5007DD14C /* Podspec Metadata */ = {
			isa = PBXGroup;
			children = (
				BAEA22DA428A6AA687BC19BC /* AiSDK.podspec */,
				142EF9344C2708F838CDAE24 /* README.md */,
				9F7A4C2D9D400A1BEBEA13B1 /* LICENSE */,
			);
			name = "Podspec Metadata";
			sourceTree = "<group>";
		};
		F917ACDEF126F74410618D3A /* Pods */ = {
			isa = PBXGroup;
			children = (
				0ABCF5CD80EE6FF6A2D57F1F /* Pods-AiSDK_Example.debug.xcconfig */,
				98D28D18C9AAB82237CF4156 /* Pods-AiSDK_Example.release.xcconfig */,
				D58876E617B3320B97465C88 /* Pods-AiSDK_Tests.debug.xcconfig */,
				7A2F462F3E7B051F78C3ECAD /* Pods-AiSDK_Tests.release.xcconfig */,
			);
			path = Pods;
			sourceTree = "<group>";
		};
/* End PBXGroup section */

/* Begin PBXNativeTarget section */
		6003F589195388D20070C39A /* AiSDK_Example */ = {
			isa = PBXNativeTarget;
			buildConfigurationList = 6003F5BF195388D20070C39A /* Build configuration list for PBXNativeTarget "AiSDK_Example" */;
			buildPhases = (
				CA50702353422382C1F4539B /* [CP] Check Pods Manifest.lock */,
				6003F586195388D20070C39A /* Sources */,
				6003F587195388D20070C39A /* Frameworks */,
				6003F588195388D20070C39A /* Resources */,
				3CF8545CB9CCEBAFC8DFF53E /* [CP] Embed Pods Frameworks */,
				9CBC82CE2EFA6B6D00E28639 /* Embed Frameworks */,
			);
			buildRules = (
			);
			dependencies = (
			);
			name = AiSDK_Example;
			productName = AiSDK;
			productReference = 6003F58A195388D20070C39A /* AiSDK_Example.app */;
			productType = "com.apple.product-type.application";
		};
		6003F5AD195388D20070C39A /* AiSDK_Tests */ = {
			isa = PBXNativeTarget;
			buildConfigurationList = 6003F5C2195388D20070C39A /* Build configuration list for PBXNativeTarget "AiSDK_Tests" */;
			buildPhases = (
				3A3267645E191D9C930F9534 /* [CP] Check Pods Manifest.lock */,
				6003F5AA195388D20070C39A /* Sources */,
				6003F5AB195388D20070C39A /* Frameworks */,
				6003F5AC195388D20070C39A /* Resources */,
			);
			buildRules = (
			);
			dependencies = (
				6003F5B4195388D20070C39A /* PBXTargetDependency */,
			);
			name = AiSDK_Tests;
			productName = AiSDKTests;
			productReference = 6003F5AE195388D20070C39A /* AiSDK_Tests.xctest */;
			productType = "com.apple.product-type.bundle.unit-test";
		};
/* End PBXNativeTarget section */

/* Begin PBXProject section */
		6003F582195388D10070C39A /* Project object */ = {
			isa = PBXProject;
			attributes = {
				CLASSPREFIX = HW;
				LastUpgradeCheck = 0720;
				ORGANIZATIONNAME = hulala1210;
				TargetAttributes = {
					6003F589195388D20070C39A = {
						DevelopmentTeam = 66N5N482M5;
						LastSwiftMigration = 1610;
					};
					6003F5AD195388D20070C39A = {
						TestTargetID = 6003F589195388D20070C39A;
					};
				};
			};
			buildConfigurationList = 6003F585195388D10070C39A /* Build configuration list for PBXProject "AiSDK" */;
			compatibilityVersion = "Xcode 3.2";
			developmentRegion = English;
			hasScannedForEncodings = 0;
			knownRegions = (
				English,
				en,
				Base,
			);
			mainGroup = 6003F581195388D10070C39A;
			productRefGroup = 6003F58B195388D20070C39A /* Products */;
			projectDirPath = "";
			projectRoot = "";
			targets = (
				6003F589195388D20070C39A /* AiSDK_Example */,
				6003F5AD195388D20070C39A /* AiSDK_Tests */,
			);
		};
/* End PBXProject section */

/* Begin PBXResourcesBuildPhase section */
		6003F588195388D20070C39A /* Resources */ = {
			isa = PBXResourcesBuildPhase;
			buildActionMask = 2147483647;
			files = (
				2BC74C2E2D2FC30A002F72D2 /* LaunchScreen.xib in Resources */,
				6003F5A9195388D20070C39A /* Images.xcassets in Resources */,
				2BC74C362D2FCD41002F72D2 /* LogCell.xib in Resources */,
				2BC74C322D2FC389002F72D2 /* HwMainVC.xib in Resources */,
				2BC74C3A2D2FD4DE002F72D2 /* ConnectVC.xib in Resources */,
				2BC74D6B2D351549002F72D2 /* girl.jpeg in Resources */,
				6003F598195388D20070C39A /* InfoPlist.strings in Resources */,
				2BC74C3E2D2FD59E002F72D2 /* DeviceCell.xib in Resources */,
			);
			runOnlyForDeploymentPostprocessing = 0;
		};
		6003F5AC195388D20070C39A /* Resources */ = {
			isa = PBXResourcesBuildPhase;
			buildActionMask = 2147483647;
			files = (
				6003F5BA195388D20070C39A /* InfoPlist.strings in Resources */,
			);
			runOnlyForDeploymentPostprocessing = 0;
		};
/* End PBXResourcesBuildPhase section */

/* Begin PBXShellScriptBuildPhase section */
		3A3267645E191D9C930F9534 /* [CP] Check Pods Manifest.lock */ = {
			isa = PBXShellScriptBuildPhase;
			buildActionMask = 2147483647;
			files = (
			);
			inputFileListPaths = (
			);
			inputPaths = (
				"${PODS_PODFILE_DIR_PATH}/Podfile.lock",
				"${PODS_ROOT}/Manifest.lock",
			);
			name = "[CP] Check Pods Manifest.lock";
			outputFileListPaths = (
			);
			outputPaths = (
				"$(DERIVED_FILE_DIR)/Pods-AiSDK_Tests-checkManifestLockResult.txt",
			);
			runOnlyForDeploymentPostprocessing = 0;
			shellPath = /bin/sh;
			shellScript = "diff \"${PODS_PODFILE_DIR_PATH}/Podfile.lock\" \"${PODS_ROOT}/Manifest.lock\" > /dev/null\nif [ $? != 0 ] ; then\n    # print error to STDERR\n    echo \"error: The sandbox is not in sync with the Podfile.lock. Run 'pod install' or update your CocoaPods installation.\" >&2\n    exit 1\nfi\n# This output is used by Xcode 'outputs' to avoid re-running this script phase.\necho \"SUCCESS\" > \"${SCRIPT_OUTPUT_FILE_0}\"\n";
			showEnvVarsInLog = 0;
		};
		3CF8545CB9CCEBAFC8DFF53E /* [CP] Embed Pods Frameworks */ = {
			isa = PBXShellScriptBuildPhase;
			buildActionMask = 2147483647;
			files = (
			);
			inputPaths = (
				"${PODS_ROOT}/Target Support Files/Pods-AiSDK_Example/Pods-AiSDK_Example-frameworks.sh",
				"${BUILT_PRODUCTS_DIR}/ReactiveObjC/ReactiveObjC.framework",
				"${BUILT_PRODUCTS_DIR}/SSZipArchive/SSZipArchive.framework",
				"${BUILT_PRODUCTS_DIR}/SVProgressHUD/SVProgressHUD.framework",
				"${BUILT_PRODUCTS_DIR}/Zip/Zip.framework",
			);
			name = "[CP] Embed Pods Frameworks";
			outputPaths = (
				"${TARGET_BUILD_DIR}/${FRAMEWORKS_FOLDER_PATH}/ReactiveObjC.framework",
				"${TARGET_BUILD_DIR}/${FRAMEWORKS_FOLDER_PATH}/SSZipArchive.framework",
				"${TARGET_BUILD_DIR}/${FRAMEWORKS_FOLDER_PATH}/SVProgressHUD.framework",
				"${TARGET_BUILD_DIR}/${FRAMEWORKS_FOLDER_PATH}/Zip.framework",
			);
			runOnlyForDeploymentPostprocessing = 0;
			shellPath = /bin/sh;
			shellScript = "\"${PODS_ROOT}/Target Support Files/Pods-AiSDK_Example/Pods-AiSDK_Example-frameworks.sh\"\n";
			showEnvVarsInLog = 0;
		};
		CA50702353422382C1F4539B /* [CP] Check Pods Manifest.lock */ = {
			isa = PBXShellScriptBuildPhase;
			buildActionMask = 2147483647;
			files = (
			);
			inputFileListPaths = (
			);
			inputPaths = (
				"${PODS_PODFILE_DIR_PATH}/Podfile.lock",
				"${PODS_ROOT}/Manifest.lock",
			);
			name = "[CP] Check Pods Manifest.lock";
			outputFileListPaths = (
			);
			outputPaths = (
				"$(DERIVED_FILE_DIR)/Pods-AiSDK_Example-checkManifestLockResult.txt",
			);
			runOnlyForDeploymentPostprocessing = 0;
			shellPath = /bin/sh;
			shellScript = "diff \"${PODS_PODFILE_DIR_PATH}/Podfile.lock\" \"${PODS_ROOT}/Manifest.lock\" > /dev/null\nif [ $? != 0 ] ; then\n    # print error to STDERR\n    echo \"error: The sandbox is not in sync with the Podfile.lock. Run 'pod install' or update your CocoaPods installation.\" >&2\n    exit 1\nfi\n# This output is used by Xcode 'outputs' to avoid re-running this script phase.\necho \"SUCCESS\" > \"${SCRIPT_OUTPUT_FILE_0}\"\n";
			showEnvVarsInLog = 0;
		};
/* End PBXShellScriptBuildPhase section */

/* Begin PBXSourcesBuildPhase section */
		6003F586195388D20070C39A /* Sources */ = {
			isa = PBXSourcesBuildPhase;
			buildActionMask = 2147483647;
			files = (
				6003F59E195388D20070C39A /* HWAppDelegate.m in Sources */,
				6003F5A7195388D20070C39A /* HWViewController.m in Sources */,
				2BC74C412D2FF0F5002F72D2 /* LogLine.swift in Sources */,
				2BC74C372D2FCD41002F72D2 /* LogCell.swift in Sources */,
				2BC74C3F2D2FD59E002F72D2 /* DeviceCell.swift in Sources */,
				2BC74C3B2D2FD4DE002F72D2 /* ConnectVC.swift in Sources */,
				6003F59A195388D20070C39A /* main.m in Sources */,
				2BC74C332D2FC389002F72D2 /* HwMainVC.m in Sources */,
			);
			runOnlyForDeploymentPostprocessing = 0;
		};
		6003F5AA195388D20070C39A /* Sources */ = {
			isa = PBXSourcesBuildPhase;
			buildActionMask = 2147483647;
			files = (
				6003F5BC195388D20070C39A /* Tests.m in Sources */,
			);
			runOnlyForDeploymentPostprocessing = 0;
		};
/* End PBXSourcesBuildPhase section */

/* Begin PBXTargetDependency section */
		6003F5B4195388D20070C39A /* PBXTargetDependency */ = {
			isa = PBXTargetDependency;
			target = 6003F589195388D20070C39A /* AiSDK_Example */;
			targetProxy = 6003F5B3195388D20070C39A /* PBXContainerItemProxy */;
		};
/* End PBXTargetDependency section */

/* Begin PBXVariantGroup section */
		6003F596195388D20070C39A /* InfoPlist.strings */ = {
			isa = PBXVariantGroup;
			children = (
				6003F597195388D20070C39A /* en */,
			);
			name = InfoPlist.strings;
			sourceTree = "<group>";
		};
		6003F5B8195388D20070C39A /* InfoPlist.strings */ = {
			isa = PBXVariantGroup;
			children = (
				6003F5B9195388D20070C39A /* en */,
			);
			name = InfoPlist.strings;
			sourceTree = "<group>";
		};
/* End PBXVariantGroup section */

/* Begin XCBuildConfiguration section */
		6003F5BD195388D20070C39A /* Debug */ = {
			isa = XCBuildConfiguration;
			buildSettings = {
				ALWAYS_SEARCH_USER_PATHS = NO;
				CLANG_CXX_LANGUAGE_STANDARD = "gnu++0x";
				CLANG_CXX_LIBRARY = "libc++";
				CLANG_ENABLE_MODULES = YES;
				CLANG_ENABLE_OBJC_ARC = YES;
				CLANG_WARN_BOOL_CONVERSION = YES;
				CLANG_WARN_CONSTANT_CONVERSION = YES;
				CLANG_WARN_DIRECT_OBJC_ISA_USAGE = YES_ERROR;
				CLANG_WARN_EMPTY_BODY = YES;
				CLANG_WARN_ENUM_CONVERSION = YES;
				CLANG_WARN_INT_CONVERSION = YES;
				CLANG_WARN_OBJC_ROOT_CLASS = YES_ERROR;
				CLANG_WARN__DUPLICATE_METHOD_MATCH = YES;
				"CODE_SIGN_IDENTITY[sdk=iphoneos*]" = "iPhone Developer";
				COPY_PHASE_STRIP = NO;
				ENABLE_TESTABILITY = YES;
				GCC_C_LANGUAGE_STANDARD = gnu99;
				GCC_DYNAMIC_NO_PIC = NO;
				GCC_OPTIMIZATION_LEVEL = 0;
				GCC_PREPROCESSOR_DEFINITIONS = (
					"DEBUG=1",
					"$(inherited)",
				);
				GCC_SYMBOLS_PRIVATE_EXTERN = NO;
				GCC_WARN_64_TO_32_BIT_CONVERSION = YES;
				GCC_WARN_ABOUT_RETURN_TYPE = YES_ERROR;
				GCC_WARN_UNDECLARED_SELECTOR = YES;
				GCC_WARN_UNINITIALIZED_AUTOS = YES_AGGRESSIVE;
				GCC_WARN_UNUSED_FUNCTION = YES;
				GCC_WARN_UNUSED_VARIABLE = YES;
				IPHONEOS_DEPLOYMENT_TARGET = 9.3;
				ONLY_ACTIVE_ARCH = YES;
				SDKROOT = iphoneos;
				TARGETED_DEVICE_FAMILY = "1,2";
			};
			name = Debug;
		};
		6003F5BE195388D20070C39A /* Release */ = {
			isa = XCBuildConfiguration;
			buildSettings = {
				ALWAYS_SEARCH_USER_PATHS = NO;
				CLANG_CXX_LANGUAGE_STANDARD = "gnu++0x";
				CLANG_CXX_LIBRARY = "libc++";
				CLANG_ENABLE_MODULES = YES;
				CLANG_ENABLE_OBJC_ARC = YES;
				CLANG_WARN_BOOL_CONVERSION = YES;
				CLANG_WARN_CONSTANT_CONVERSION = YES;
				CLANG_WARN_DIRECT_OBJC_ISA_USAGE = YES_ERROR;
				CLANG_WARN_EMPTY_BODY = YES;
				CLANG_WARN_ENUM_CONVERSION = YES;
				CLANG_WARN_INT_CONVERSION = YES;
				CLANG_WARN_OBJC_ROOT_CLASS = YES_ERROR;
				CLANG_WARN__DUPLICATE_METHOD_MATCH = YES;
				"CODE_SIGN_IDENTITY[sdk=iphoneos*]" = "iPhone Developer";
				COPY_PHASE_STRIP = YES;
				ENABLE_NS_ASSERTIONS = NO;
				GCC_C_LANGUAGE_STANDARD = gnu99;
				GCC_WARN_64_TO_32_BIT_CONVERSION = YES;
				GCC_WARN_ABOUT_RETURN_TYPE = YES_ERROR;
				GCC_WARN_UNDECLARED_SELECTOR = YES;
				GCC_WARN_UNINITIALIZED_AUTOS = YES_AGGRESSIVE;
				GCC_WARN_UNUSED_FUNCTION = YES;
				GCC_WARN_UNUSED_VARIABLE = YES;
				IPHONEOS_DEPLOYMENT_TARGET = 9.3;
				SDKROOT = iphoneos;
				TARGETED_DEVICE_FAMILY = "1,2";
				VALIDATE_PRODUCT = YES;
			};
			name = Release;
		};
		6003F5C0195388D20070C39A /* Debug */ = {
			isa = XCBuildConfiguration;
			baseConfigurationReference = 0ABCF5CD80EE6FF6A2D57F1F /* Pods-AiSDK_Example.debug.xcconfig */;
			buildSettings = {
				ASSETCATALOG_COMPILER_APPICON_NAME = AppIcon;
				ASSETCATALOG_COMPILER_INCLUDE_ALL_APPICON_ASSETS = NO;
				CLANG_ENABLE_MODULES = YES;
				DEFINES_MODULE = YES;
				DEVELOPMENT_TEAM = 66N5N482M5;
				FRAMEWORK_SEARCH_PATHS = (
					"$(inherited)",
					"$(PROJECT_DIR)/AiSDK",
				);
				GCC_PRECOMPILE_PREFIX_HEADER = YES;
				GCC_PREFIX_HEADER = "AiSDK/AiSDK-Prefix.pch";
				HEADER_SEARCH_PATHS = (
					"$(inherited)",
					"\"${PODS_CONFIGURATION_BUILD_DIR}/ReactiveObjC/ReactiveObjC.framework/Headers\"",
					"\"${PODS_CONFIGURATION_BUILD_DIR}/SSZipArchive/SSZipArchive.framework/Headers\"",
					"\"${PODS_CONFIGURATION_BUILD_DIR}/SVProgressHUD/SVProgressHUD.framework/Headers\"",
					"\"${PODS_CONFIGURATION_BUILD_DIR}/Zip/Zip.framework/Headers\"",
				);
				INFOPLIST_FILE = "AiSDK/AiSDK-Info.plist";
				INFOPLIST_KEY_CFBundleDisplayName = AiTest;
				IPHONEOS_DEPLOYMENT_TARGET = 10.0;
				MODULE_NAME = ExampleApp;
				OTHER_LDFLAGS = (
					"$(inherited)",
					"-l\"iconv\"",
					"-l\"z\"",
					"-framework",
					"\"Foundation\"",
					"-framework",
					"\"QuartzCore\"",
					"-framework",
					"\"ReactiveObjC\"",
					"-framework",
					"\"SSZipArchive\"",
					"-framework",
					"\"SVProgressHUD\"",
					"-framework",
					"\"Security\"",
					"-framework",
					"\"Zip\"",
					"-ObjC",
				);
				PRODUCT_BUNDLE_IDENTIFIER = com.huawo.test.AiTest;
				PRODUCT_NAME = "$(TARGET_NAME)";
				SUPPORTED_PLATFORMS = "iphoneos iphonesimulator";
				SUPPORTS_MACCATALYST = NO;
				SUPPORTS_XR_DESIGNED_FOR_IPHONE_IPAD = NO;
				SWIFT_OBJC_BRIDGING_HEADER = "AiSDK/AiSDK_Example-Bridging-Header.h";
				SWIFT_OPTIMIZATION_LEVEL = "-Onone";
				SWIFT_VERSION = 5.0;
				TARGETED_DEVICE_FAMILY = "1,2";
				WRAPPER_EXTENSION = app;
			};
			name = Debug;
		};
		6003F5C1195388D20070C39A /* Release */ = {
			isa = XCBuildConfiguration;
			baseConfigurationReference = 98D28D18C9AAB82237CF4156 /* Pods-AiSDK_Example.release.xcconfig */;
			buildSettings = {
				ASSETCATALOG_COMPILER_APPICON_NAME = AppIcon;
				ASSETCATALOG_COMPILER_INCLUDE_ALL_APPICON_ASSETS = NO;
				CLANG_ENABLE_MODULES = YES;
				DEFINES_MODULE = YES;
				DEVELOPMENT_TEAM = 66N5N482M5;
				FRAMEWORK_SEARCH_PATHS = (
					"$(inherited)",
					"$(PROJECT_DIR)/AiSDK",
				);
				GCC_PRECOMPILE_PREFIX_HEADER = YES;
				GCC_PREFIX_HEADER = "AiSDK/AiSDK-Prefix.pch";
				HEADER_SEARCH_PATHS = (
					"$(inherited)",
					"\"${PODS_CONFIGURATION_BUILD_DIR}/ReactiveObjC/ReactiveObjC.framework/Headers\"",
					"\"${PODS_CONFIGURATION_BUILD_DIR}/SSZipArchive/SSZipArchive.framework/Headers\"",
					"\"${PODS_CONFIGURATION_BUILD_DIR}/SVProgressHUD/SVProgressHUD.framework/Headers\"",
					"\"${PODS_CONFIGURATION_BUILD_DIR}/Zip/Zip.framework/Headers\"",
				);
				INFOPLIST_FILE = "AiSDK/AiSDK-Info.plist";
				INFOPLIST_KEY_CFBundleDisplayName = AiTest;
				IPHONEOS_DEPLOYMENT_TARGET = 10.0;
				MODULE_NAME = ExampleApp;
				OTHER_LDFLAGS = (
					"$(inherited)",
					"-l\"iconv\"",
					"-l\"z\"",
					"-framework",
					"\"Foundation\"",
					"-framework",
					"\"QuartzCore\"",
					"-framework",
					"\"ReactiveObjC\"",
					"-framework",
					"\"SSZipArchive\"",
					"-framework",
					"\"SVProgressHUD\"",
					"-framework",
					"\"Security\"",
					"-framework",
					"\"Zip\"",
					"-ObjC",
				);
				PRODUCT_BUNDLE_IDENTIFIER = com.huawo.test.AiTest;
				PRODUCT_NAME = "$(TARGET_NAME)";
				SUPPORTED_PLATFORMS = "iphoneos iphonesimulator";
				SUPPORTS_MACCATALYST = NO;
				SUPPORTS_XR_DESIGNED_FOR_IPHONE_IPAD = NO;
				SWIFT_OBJC_BRIDGING_HEADER = "AiSDK/AiSDK_Example-Bridging-Header.h";
				SWIFT_VERSION = 5.0;
				TARGETED_DEVICE_FAMILY = "1,2";
				WRAPPER_EXTENSION = app;
			};
			name = Release;
		};
		6003F5C3195388D20070C39A /* Debug */ = {
			isa = XCBuildConfiguration;
			baseConfigurationReference = D58876E617B3320B97465C88 /* Pods-AiSDK_Tests.debug.xcconfig */;
			buildSettings = {
				BUNDLE_LOADER = "$(TEST_HOST)";
				FRAMEWORK_SEARCH_PATHS = (
					"$(PLATFORM_DIR)/Developer/Library/Frameworks",
					"$(inherited)",
					"$(DEVELOPER_FRAMEWORKS_DIR)",
				);
				GCC_PRECOMPILE_PREFIX_HEADER = YES;
				GCC_PREFIX_HEADER = "Tests/Tests-Prefix.pch";
				GCC_PREPROCESSOR_DEFINITIONS = (
					"DEBUG=1",
					"$(inherited)",
				);
				INFOPLIST_FILE = "Tests/Tests-Info.plist";
				PRODUCT_BUNDLE_IDENTIFIER = "org.cocoapods.demo.${PRODUCT_NAME:rfc1034identifier}";
				PRODUCT_NAME = "$(TARGET_NAME)";
				SWIFT_VERSION = 4.0;
				TEST_HOST = "$(BUILT_PRODUCTS_DIR)/AiSDK_Example.app/AiSDK_Example";
				WRAPPER_EXTENSION = xctest;
			};
			name = Debug;
		};
		6003F5C4195388D20070C39A /* Release */ = {
			isa = XCBuildConfiguration;
			baseConfigurationReference = 7A2F462F3E7B051F78C3ECAD /* Pods-AiSDK_Tests.release.xcconfig */;
			buildSettings = {
				BUNDLE_LOADER = "$(TEST_HOST)";
				FRAMEWORK_SEARCH_PATHS = (
					"$(PLATFORM_DIR)/Developer/Library/Frameworks",
					"$(inherited)",
					"$(DEVELOPER_FRAMEWORKS_DIR)",
				);
				GCC_PRECOMPILE_PREFIX_HEADER = YES;
				GCC_PREFIX_HEADER = "Tests/Tests-Prefix.pch";
				INFOPLIST_FILE = "Tests/Tests-Info.plist";
				PRODUCT_BUNDLE_IDENTIFIER = "org.cocoapods.demo.${PRODUCT_NAME:rfc1034identifier}";
				PRODUCT_NAME = "$(TARGET_NAME)";
				SWIFT_VERSION = 4.0;
				TEST_HOST = "$(BUILT_PRODUCTS_DIR)/AiSDK_Example.app/AiSDK_Example";
				WRAPPER_EXTENSION = xctest;
			};
			name = Release;
		};
/* End XCBuildConfiguration section */

/* Begin XCConfigurationList section */
		6003F585195388D10070C39A /* Build configuration list for PBXProject "AiSDK" */ = {
			isa = XCConfigurationList;
			buildConfigurations = (
				6003F5BD195388D20070C39A /* Debug */,
				6003F5BE195388D20070C39A /* Release */,
			);
			defaultConfigurationIsVisible = 0;
			defaultConfigurationName = Release;
		};
		6003F5BF195388D20070C39A /* Build configuration list for PBXNativeTarget "AiSDK_Example" */ = {
			isa = XCConfigurationList;
			buildConfigurations = (
				6003F5C0195388D20070C39A /* Debug */,
				6003F5C1195388D20070C39A /* Release */,
			);
			defaultConfigurationIsVisible = 0;
			defaultConfigurationName = Release;
		};
		6003F5C2195388D20070C39A /* Build configuration list for PBXNativeTarget "AiSDK_Tests" */ = {
			isa = XCConfigurationList;
			buildConfigurations = (
				6003F5C3195388D20070C39A /* Debug */,
				6003F5C4195388D20070C39A /* Release */,
			);
			defaultConfigurationIsVisible = 0;
			defaultConfigurationName = Release;
		};
/* End XCConfigurationList section */
	};
	rootObject = 6003F582195388D10070C39A /* Project object */;
}
